// !$*UTF8*$!
{
	archiveVersion = 1;
	classes = {
	};
	objectVersion = 46;
	objects = {

/* Begin PBXBuildFile section */
		882F7FBC1CB45C3300F2E27B /* main.cpp in Sources */ = {isa = PBXBuildFile; fileRef = 882F7FBB1CB45C3300F2E27B /* main.cpp */; };
/* End PBXBuildFile section */

/* Begin PBXCopyFilesBuildPhase section */
		882F7FB61CB45C3300F2E27B /* CopyFiles */ = {
			isa = PBXCopyFilesBuildPhase;
			buildActionMask = 2147483647;
			dstPath = /usr/share/man/man1/;
			dstSubfolderSpec = 0;
			files = (
			);
			runOnlyForDeploymentPostprocessing = 1;
		};
/* End PBXCopyFilesBuildPhase section */

/* Begin PBXFileReference section */
		882F7FB81CB45C3300F2E27B /* HW8 */ = {isa = PBXFileReference; explicitFileType = "compiled.mach-o.executable"; includeInIndex = 0; path = HW8; sourceTree = BUILT_PRODUCTS_DIR; };
		882F7FBB1CB45C3300F2E27B /* main.cpp */ = {isa = PBXFileReference; lastKnownFileType = sourcecode.cpp.cpp; path = main.cpp; sourceTree = "<group>"; };
		882F7FC21CB45C6100F2E27B /* h.h */ = {isa = PBXFileReference; lastKnownFileType = sourcecode.c.h; path = h.h; sourceTree = "<group>"; };
		882F7FC31CB45D7E00F2E27B /* Header.h */ = {isa = PBXFileReference; lastKnownFileType = sourcecode.c.h; path = Header.h; sourceTree = "<group>"; };
		882F7FC41CB4719000F2E27B /* in1.txt */ = {isa = PBXFileReference; fileEncoding = 4; lastKnownFileType = text; path = in1.txt; sourceTree = "<group>"; };
/* End PBXFileReference section */

/* Begin PBXFrameworksBuildPhase section */
		882F7FB51CB45C3300F2E27B /* Frameworks */ = {
			isa = PBXFrameworksBuildPhase;
			buildActionMask = 2147483647;
			files = (
			);
			runOnlyForDeploymentPostprocessing = 0;
		};
/* End PBXFrameworksBuildPhase section */

/* Begin PBXGroup section */
		882F7FAF1CB45C3300F2E27B = {
			isa = PBXGroup;
			children = (
				882F7FBA1CB45C3300F2E27B /* HW8 */,
				882F7FB91CB45C3300F2E27B /* Products */,
			);
			sourceTree = "<group>";
		};
		882F7FB91CB45C3300F2E27B /* Products */ = {
			isa = PBXGroup;
			children = (
				882F7FB81CB45C3300F2E27B /* HW8 */,
			);
			name = Products;
			sourceTree = "<group>";
		};
		882F7FBA1CB45C3300F2E27B /* HW8 */ = {
			isa = PBXGroup;
			children = (
				882F7FC21CB45C6100F2E27B /* h.h */,
				882F7FBB1CB45C3300F2E27B /* main.cpp */,
				882F7FC31CB45D7E00F2E27B /* Header.h */,
				882F7FC41CB4719000F2E27B /* in1.txt */,
			);
			path = HW8;
			sourceTree = "<group>";
		};
/* End PBXGroup section */

/* Begin PBXNativeTarget section */
		882F7FB71CB45C3300F2E27B /* HW8 */ = {
			isa = PBXNativeTarget;
			buildConfigurationList = 882F7FBF1CB45C3300F2E27B /* Build configuration list for PBXNativeTarget "HW8" */;
			buildPhases = (
				882F7FB41CB45C3300F2E27B /* Sources */,
				882F7FB51CB45C3300F2E27B /* Frameworks */,
				882F7FB61CB45C3300F2E27B /* CopyFiles */,
			);
			buildRules = (
			);
			dependencies = (
			);
			name = HW8;
			productName = HW8;
			productReference = 882F7FB81CB45C3300F2E27B /* HW8 */;
			productType = "com.apple.product-type.tool";
		};
/* End PBXNativeTarget section */

/* Begin PBXProject section */
		882F7FB01CB45C3300F2E27B /* Project object */ = {
			isa = PBXProject;
			attributes = {
				LastUpgradeCheck = 0720;
				ORGANIZATIONNAME = "Jordan Heath";
				TargetAttributes = {
					882F7FB71CB45C3300F2E27B = {
						CreatedOnToolsVersion = 7.2;
					};
				};
			};
			buildConfigurationList = 882F7FB31CB45C3300F2E27B /* Build configuration list for PBXProject "HW8" */;
			compatibilityVersion = "Xcode 3.2";
			developmentRegion = English;
			hasScannedForEncodings = 0;
			knownRegions = (
				en,
			);
			mainGroup = 882F7FAF1CB45C3300F2E27B;
			productRefGroup = 882F7FB91CB45C3300F2E27B /* Products */;
			projectDirPath = "";
			projectRoot = "";
			targets = (
				882F7FB71CB45C3300F2E27B /* HW8 */,
			);
		};
/* End PBXProject section */

/* Begin PBXSourcesBuildPhase section */
		882F7FB41CB45C3300F2E27B /* Sources */ = {
			isa = PBXSourcesBuildPhase;
			buildActionMask = 2147483647;
			files = (
				882F7FBC1CB45C3300F2E27B /* main.cpp in Sources */,
			);
			runOnlyForDeploymentPostprocessing = 0;
		};
/* End PBXSourcesBuildPhase section */

/* Begin XCBuildConfiguration section */
		882F7FBD1CB45C3300F2E27B /* Debug */ = {
			isa = XCBuildConfiguration;
			buildSettings = {
				ALWAYS_SEARCH_USER_PATHS = NO;
				CLANG_CXX_LANGUAGE_STANDARD = "gnu++0x";
				CLANG_CXX_LIBRARY = "libc++";
				CLANG_ENABLE_MODULES = YES;
				CLANG_ENABLE_OBJC_ARC = YES;
				CLANG_WARN_BOOL_CONVERSION = YES;
				CLANG_WARN_CONSTANT_CONVERSION = YES;
				CLANG_WARN_DIRECT_OBJC_ISA_USAGE = YES_ERROR;
				CLANG_WARN_EMPTY_BODY = YES;
				CLANG_WARN_ENUM_CONVERSION = YES;
				CLANG_WARN_INT_CONVERSION = YES;
				CLANG_WARN_OBJC_ROOT_CLASS = YES_ERROR;
				CLANG_WARN_UNREACHABLE_CODE = YES;
				CLANG_WARN__DUPLICATE_METHOD_MATCH = YES;
				CODE_SIGN_IDENTITY = "-";
				COPY_PHASE_STRIP = NO;
				DEBUG_INFORMATION_FORMAT = dwarf;
				ENABLE_STRICT_OBJC_MSGSEND = YES;
				ENABLE_TESTABILITY = YES;
				GCC_C_LANGUAGE_STANDARD = gnu99;
				GCC_DYNAMIC_NO_PIC = NO;
				GCC_NO_COMMON_BLOCKS = YES;
				GCC_OPTIMIZATION_LEVEL = 0;
				GCC_PREPROCESSOR_DEFINITIONS = (
					"DEBUG=1",
					"$(inherited)",
				);
				GCC_WARN_64_TO_32_BIT_CONVERSION = YES;
				GCC_WARN_ABOUT_RETURN_TYPE = YES_ERROR;
				GCC_WARN_UNDECLARED_SELECTOR = YES;
				GCC_WARN_UNINITIALIZED_AUTOS = YES_AGGRESSIVE;
				GCC_WARN_UNUSED_FUNCTION = YES;
				GCC_WARN_UNUSED_VARIABLE = YES;
				MACOSX_DEPLOYMENT_TARGET = 10.11;
				MTL_ENABLE_DEBUG_INFO = YES;
				ONLY_ACTIVE_ARCH = YES;
				SDKROOT = macosx;
			};
			name = Debug;
		};
		882F7FBE1CB45C3300F2E27B /* Release */ = {
			isa = XCBuildConfiguration;
			buildSettings = {
				ALWAYS_SEARCH_USER_PATHS = NO;
				CLANG_CXX_LANGUAGE_STANDARD = "gnu++0x";
				CLANG_CXX_LIBRARY = "libc++";
				CLANG_ENABLE_MODULES = YES;
				CLANG_ENABLE_OBJC_ARC = YES;
				CLANG_WARN_BOOL_CONVERSION = YES;
				CLANG_WARN_CONSTANT_CONVERSION = YES;
				CLANG_WARN_DIRECT_OBJC_ISA_USAGE = YES_ERROR;
				CLANG_WARN_EMPTY_BODY = YES;
				CLANG_WARN_ENUM_CONVERSION = YES;
				CLANG_WARN_INT_CONVERSION = YES;
				CLANG_WARN_OBJC_ROOT_CLASS = YES_ERROR;
				CLANG_WARN_UNREACHABLE_CODE = YES;
				CLANG_WARN__DUPLICATE_METHOD_MATCH = YES;
				CODE_SIGN_IDENTITY = "-";
				COPY_PHASE_STRIP = NO;
				DEBUG_INFORMATION_FORMAT = "dwarf-with-dsym";
				ENABLE_NS_ASSERTIONS = NO;
				ENABLE_STRICT_OBJC_MSGSEND = YES;
				GCC_C_LANGUAGE_STANDARD = gnu99;
				GCC_NO_COMMON_BLOCKS = YES;
				GCC_WARN_64_TO_32_BIT_CONVERSION = YES;
				GCC_WARN_ABOUT_RETURN_TYPE = YES_ERROR;
				GCC_WARN_UNDECLARED_SELECTOR = YES;
				GCC_WARN_UNINITIALIZED_AUTOS = YES_AGGRESSIVE;
				GCC_WARN_UNUSED_FUNCTION = YES;
				GCC_WARN_UNUSED_VARIABLE = YES;
				MACOSX_DEPLOYMENT_TARGET = 10.11;
				MTL_ENABLE_DEBUG_INFO = NO;
				SDKROOT = macosx;
			};
			name = Release;
		};
		882F7FC01CB45C3300F2E27B /* Debug */ = {
			isa = XCBuildConfiguration;
			buildSettings = {
				PRODUCT_NAME = "$(TARGET_NAME)";
			};
			name = Debug;
		};
		882F7FC11CB45C3300F2E27B /* Release */ = {
			isa = XCBuildConfiguration;
			buildSettings = {
				PRODUCT_NAME = "$(TARGET_NAME)";
			};
			name = Release;
		};
/* End XCBuildConfiguration section */

/* Begin XCConfigurationList section */
		882F7FB31CB45C3300F2E27B /* Build configuration list for PBXProject "HW8" */ = {
			isa = XCConfigurationList;
			buildConfigurations = (
				882F7FBD1CB45C3300F2E27B /* Debug */,
				882F7FBE1CB45C3300F2E27B /* Release */,
			);
			defaultConfigurationIsVisible = 0;
			defaultConfigurationName = Release;
		};
		882F7FBF1CB45C3300F2E27B /* Build configuration list for PBXNativeTarget "HW8" */ = {
			isa = XCConfigurationList;
			buildConfigurations = (
				882F7FC01CB45C3300F2E27B /* Debug */,
				882F7FC11CB45C3300F2E27B /* Release */,
			);
			defaultConfigurationIsVisible = 0;
			defaultConfigurationName = Release;
		};
/* End XCConfigurationList section */
	};
	rootObject = 882F7FB01CB45C3300F2E27B /* Project object */;
}
